// !$*UTF8*$!
{
	archiveVersion = 1;
	classes = {
	};
	objectVersion = 46;
	objects = {

/* Begin PBXBuildFile section */
		5202F3E11F3014E00003B031 /* CityDao.swift in Sources */ = {isa = PBXBuildFile; fileRef = 5202F3E01F3014E00003B031 /* CityDao.swift */; };
		521477FC1EE4957400314D3E /* InvitationListViewController.swift in Sources */ = {isa = PBXBuildFile; fileRef = 521477FB1EE4957400314D3E /* InvitationListViewController.swift */; };
		5225F1F01ED39BBD001AB13A /* CompanyFormViewController.swift in Sources */ = {isa = PBXBuildFile; fileRef = 5225F1EF1ED39BBD001AB13A /* CompanyFormViewController.swift */; };
		5225F2231ED3A067001AB13A /* Former.framework in Frameworks */ = {isa = PBXBuildFile; fileRef = 5225F2221ED3A067001AB13A /* Former.framework */; };
		5225F22C1ED3A33B001AB13A /* CenterLabelCell.swift in Sources */ = {isa = PBXBuildFile; fileRef = 5225F2261ED3A33B001AB13A /* CenterLabelCell.swift */; };
		5225F22D1ED3A33B001AB13A /* ColorListCell.swift in Sources */ = {isa = PBXBuildFile; fileRef = 5225F2271ED3A33B001AB13A /* ColorListCell.swift */; };
		5225F22E1ED3A33B001AB13A /* DynamicHeightCell.swift in Sources */ = {isa = PBXBuildFile; fileRef = 5225F2281ED3A33B001AB13A /* DynamicHeightCell.swift */; };
		5225F22F1ED3A33B001AB13A /* ProfileFieldCell.swift in Sources */ = {isa = PBXBuildFile; fileRef = 5225F2291ED3A33B001AB13A /* ProfileFieldCell.swift */; };
		5225F2301ED3A33B001AB13A /* ProfileImageCell.swift in Sources */ = {isa = PBXBuildFile; fileRef = 5225F22A1ED3A33B001AB13A /* ProfileImageCell.swift */; };
		5225F2311ED3A33B001AB13A /* ProfileLabelCell.swift in Sources */ = {isa = PBXBuildFile; fileRef = 5225F22B1ED3A33B001AB13A /* ProfileLabelCell.swift */; };
		5225F2351ED3A36D001AB13A /* Login.swift in Sources */ = {isa = PBXBuildFile; fileRef = 5225F2331ED3A36D001AB13A /* Login.swift */; };
		5225F2361ED3A36D001AB13A /* Profile.swift in Sources */ = {isa = PBXBuildFile; fileRef = 5225F2341ED3A36D001AB13A /* Profile.swift */; };
		5225F23A1ED3A433001AB13A /* String.swift in Sources */ = {isa = PBXBuildFile; fileRef = 5225F2381ED3A433001AB13A /* String.swift */; };
		5225F23B1ED3A433001AB13A /* UIColor.swift in Sources */ = {isa = PBXBuildFile; fileRef = 5225F2391ED3A433001AB13A /* UIColor.swift */; };
		5225F23D1ED3A4CD001AB13A /* FormerInputAccessoryView.swift in Sources */ = {isa = PBXBuildFile; fileRef = 5225F23C1ED3A4CD001AB13A /* FormerInputAccessoryView.swift */; };
		5225F2471ED3AEF9001AB13A /* ColorListCell.xib in Resources */ = {isa = PBXBuildFile; fileRef = 5225F2411ED3AEF9001AB13A /* ColorListCell.xib */; };
		5225F2481ED3AEF9001AB13A /* DynamicHeightCell.xib in Resources */ = {isa = PBXBuildFile; fileRef = 5225F2421ED3AEF9001AB13A /* DynamicHeightCell.xib */; };
		5225F2491ED3AEF9001AB13A /* LoginViewController.storyboard in Resources */ = {isa = PBXBuildFile; fileRef = 5225F2431ED3AEF9001AB13A /* LoginViewController.storyboard */; };
		5225F24A1ED3AEF9001AB13A /* ProfileFieldCell.xib in Resources */ = {isa = PBXBuildFile; fileRef = 5225F2441ED3AEF9001AB13A /* ProfileFieldCell.xib */; };
		5225F24B1ED3AEF9001AB13A /* ProfileImageCell.xib in Resources */ = {isa = PBXBuildFile; fileRef = 5225F2451ED3AEF9001AB13A /* ProfileImageCell.xib */; };
		5225F24C1ED3AEF9001AB13A /* ProfileLabelCell.xib in Resources */ = {isa = PBXBuildFile; fileRef = 5225F2461ED3AEF9001AB13A /* ProfileLabelCell.xib */; };
		522889E61ED0DB3D007BC49D /* MenuViewController.swift in Sources */ = {isa = PBXBuildFile; fileRef = 522889E51ED0DB3D007BC49D /* MenuViewController.swift */; };
		522889E91ED0DC84007BC49D /* DetailViewController.swift in Sources */ = {isa = PBXBuildFile; fileRef = 522889E71ED0DC84007BC49D /* DetailViewController.swift */; };
		522889EA1ED0DC84007BC49D /* MasterViewController.swift in Sources */ = {isa = PBXBuildFile; fileRef = 522889E81ED0DC84007BC49D /* MasterViewController.swift */; };
		522889EF1ED0F34A007BC49D /* MenuViewCell.xib in Resources */ = {isa = PBXBuildFile; fileRef = 522889EE1ED0F34A007BC49D /* MenuViewCell.xib */; };
		522889F31ED0F62F007BC49D /* MenuViewCell.swift in Sources */ = {isa = PBXBuildFile; fileRef = 522889F21ED0F62F007BC49D /* MenuViewCell.swift */; };
		524E333B1ED930070035D443 /* InviteFormViewController.swift in Sources */ = {isa = PBXBuildFile; fileRef = 524E333A1ED930070035D443 /* InviteFormViewController.swift */; };
		529737441E47E84200C65464 /* Connection.swift in Sources */ = {isa = PBXBuildFile; fileRef = 529737431E47E84200C65464 /* Connection.swift */; };
		52B4D2241EDE3EF2009EB548 /* CompanyBean.swift in Sources */ = {isa = PBXBuildFile; fileRef = 52B4D2061EDE3EF2009EB548 /* CompanyBean.swift */; };
		52B4D2251EDE3EF2009EB548 /* EventBean.swift in Sources */ = {isa = PBXBuildFile; fileRef = 52B4D2071EDE3EF2009EB548 /* EventBean.swift */; };
		52B4D2261EDE3EF2009EB548 /* InvitationBean.swift in Sources */ = {isa = PBXBuildFile; fileRef = 52B4D2081EDE3EF2009EB548 /* InvitationBean.swift */; };
		52B4D2271EDE3EF2009EB548 /* UserBean.swift in Sources */ = {isa = PBXBuildFile; fileRef = 52B4D2091EDE3EF2009EB548 /* UserBean.swift */; };
		52B4D2281EDE3EF2009EB548 /* UserCompanyTypeBean.swift in Sources */ = {isa = PBXBuildFile; fileRef = 52B4D20A1EDE3EF2009EB548 /* UserCompanyTypeBean.swift */; };
		52B4D2291EDE3EF2009EB548 /* City+CoreDataClass.swift in Sources */ = {isa = PBXBuildFile; fileRef = 52B4D20C1EDE3EF2009EB548 /* City+CoreDataClass.swift */; };
		52B4D22A1EDE3EF2009EB548 /* City+CoreDataProperties.swift in Sources */ = {isa = PBXBuildFile; fileRef = 52B4D20D1EDE3EF2009EB548 /* City+CoreDataProperties.swift */; };
		52B4D22B1EDE3EF2009EB548 /* Company+CoreDataClass.swift in Sources */ = {isa = PBXBuildFile; fileRef = 52B4D20E1EDE3EF2009EB548 /* Company+CoreDataClass.swift */; };
		52B4D22C1EDE3EF2009EB548 /* Company+CoreDataProperties.swift in Sources */ = {isa = PBXBuildFile; fileRef = 52B4D20F1EDE3EF2009EB548 /* Company+CoreDataProperties.swift */; };
		52B4D22D1EDE3EF2009EB548 /* Country+CoreDataClass.swift in Sources */ = {isa = PBXBuildFile; fileRef = 52B4D2101EDE3EF2009EB548 /* Country+CoreDataClass.swift */; };
		52B4D22E1EDE3EF2009EB548 /* Country+CoreDataProperties.swift in Sources */ = {isa = PBXBuildFile; fileRef = 52B4D2111EDE3EF2009EB548 /* Country+CoreDataProperties.swift */; };
		52B4D22F1EDE3EF2009EB548 /* Event+CoreDataClass.swift in Sources */ = {isa = PBXBuildFile; fileRef = 52B4D2121EDE3EF2009EB548 /* Event+CoreDataClass.swift */; };
		52B4D2301EDE3EF2009EB548 /* Event+CoreDataProperties.swift in Sources */ = {isa = PBXBuildFile; fileRef = 52B4D2131EDE3EF2009EB548 /* Event+CoreDataProperties.swift */; };
		52B4D2311EDE3EF2009EB548 /* EventCategory+CoreDataClass.swift in Sources */ = {isa = PBXBuildFile; fileRef = 52B4D2141EDE3EF2009EB548 /* EventCategory+CoreDataClass.swift */; };
		52B4D2321EDE3EF2009EB548 /* EventCategory+CoreDataProperties.swift in Sources */ = {isa = PBXBuildFile; fileRef = 52B4D2151EDE3EF2009EB548 /* EventCategory+CoreDataProperties.swift */; };
		52B4D2331EDE3EF2009EB548 /* EventType+CoreDataClass.swift in Sources */ = {isa = PBXBuildFile; fileRef = 52B4D2161EDE3EF2009EB548 /* EventType+CoreDataClass.swift */; };
		52B4D2341EDE3EF2009EB548 /* EventType+CoreDataProperties.swift in Sources */ = {isa = PBXBuildFile; fileRef = 52B4D2171EDE3EF2009EB548 /* EventType+CoreDataProperties.swift */; };
		52B4D2351EDE3EF2009EB548 /* Invitation+CoreDataClass.swift in Sources */ = {isa = PBXBuildFile; fileRef = 52B4D2181EDE3EF2009EB548 /* Invitation+CoreDataClass.swift */; };
		52B4D2361EDE3EF2009EB548 /* Invitation+CoreDataProperties.swift in Sources */ = {isa = PBXBuildFile; fileRef = 52B4D2191EDE3EF2009EB548 /* Invitation+CoreDataProperties.swift */; };
		52B4D2371EDE3EF2009EB548 /* InvitationType+CoreDataClass.swift in Sources */ = {isa = PBXBuildFile; fileRef = 52B4D21A1EDE3EF2009EB548 /* InvitationType+CoreDataClass.swift */; };
		52B4D2381EDE3EF2009EB548 /* InvitationType+CoreDataProperties.swift in Sources */ = {isa = PBXBuildFile; fileRef = 52B4D21B1EDE3EF2009EB548 /* InvitationType+CoreDataProperties.swift */; };
		52B4D2391EDE3EF2009EB548 /* State+CoreDataClass.swift in Sources */ = {isa = PBXBuildFile; fileRef = 52B4D21C1EDE3EF2009EB548 /* State+CoreDataClass.swift */; };
		52B4D23A1EDE3EF2009EB548 /* State+CoreDataProperties.swift in Sources */ = {isa = PBXBuildFile; fileRef = 52B4D21D1EDE3EF2009EB548 /* State+CoreDataProperties.swift */; };
		52B4D23B1EDE3EF2009EB548 /* User+CoreDataClass.swift in Sources */ = {isa = PBXBuildFile; fileRef = 52B4D21E1EDE3EF2009EB548 /* User+CoreDataClass.swift */; };
		52B4D23C1EDE3EF2009EB548 /* User+CoreDataProperties.swift in Sources */ = {isa = PBXBuildFile; fileRef = 52B4D21F1EDE3EF2009EB548 /* User+CoreDataProperties.swift */; };
		52B4D23D1EDE3EF2009EB548 /* UserCompanyType+CoreDataClass.swift in Sources */ = {isa = PBXBuildFile; fileRef = 52B4D2201EDE3EF2009EB548 /* UserCompanyType+CoreDataClass.swift */; };
		52B4D23E1EDE3EF2009EB548 /* UserCompanyType+CoreDataProperties.swift in Sources */ = {isa = PBXBuildFile; fileRef = 52B4D2211EDE3EF2009EB548 /* UserCompanyType+CoreDataProperties.swift */; };
		52B4D23F1EDE3EF2009EB548 /* UserType+CoreDataClass.swift in Sources */ = {isa = PBXBuildFile; fileRef = 52B4D2221EDE3EF2009EB548 /* UserType+CoreDataClass.swift */; };
		52B4D2401EDE3EF2009EB548 /* UserType+CoreDataProperties.swift in Sources */ = {isa = PBXBuildFile; fileRef = 52B4D2231EDE3EF2009EB548 /* UserType+CoreDataProperties.swift */; };
		52BEAA471EEA1F5300305DF8 /* CityBean.swift in Sources */ = {isa = PBXBuildFile; fileRef = 52BEAA461EEA1F5300305DF8 /* CityBean.swift */; };
		52BEAA491EEA1F5F00305DF8 /* StateBean.swift in Sources */ = {isa = PBXBuildFile; fileRef = 52BEAA481EEA1F5F00305DF8 /* StateBean.swift */; };
		52BEAA4B1EEA1F7100305DF8 /* CountryBean.swift in Sources */ = {isa = PBXBuildFile; fileRef = 52BEAA4A1EEA1F7100305DF8 /* CountryBean.swift */; };
		52C448941ED675A3008C54BB /* EventFormViewController.swift in Sources */ = {isa = PBXBuildFile; fileRef = 52C448931ED675A3008C54BB /* EventFormViewController.swift */; };
		52DB79ED1E478DB400658171 /* AppDelegate.swift in Sources */ = {isa = PBXBuildFile; fileRef = 52DB79EC1E478DB400658171 /* AppDelegate.swift */; };
		52DB79EF1E478DB400658171 /* HomeViewController.swift in Sources */ = {isa = PBXBuildFile; fileRef = 52DB79EE1E478DB400658171 /* HomeViewController.swift */; };
		52DB79F11E478DB400658171 /* SecondViewController.swift in Sources */ = {isa = PBXBuildFile; fileRef = 52DB79F01E478DB400658171 /* SecondViewController.swift */; };
		52DB79F41E478DB400658171 /* Main.storyboard in Resources */ = {isa = PBXBuildFile; fileRef = 52DB79F21E478DB400658171 /* Main.storyboard */; };
		52DB79F61E478DB400658171 /* Assets.xcassets in Resources */ = {isa = PBXBuildFile; fileRef = 52DB79F51E478DB400658171 /* Assets.xcassets */; };
		52DB79F91E478DB400658171 /* LaunchScreen.storyboard in Resources */ = {isa = PBXBuildFile; fileRef = 52DB79F71E478DB400658171 /* LaunchScreen.storyboard */; };
		52DB7A041E4791F200658171 /* ViewController.swift in Sources */ = {isa = PBXBuildFile; fileRef = 52DB7A021E4791F200658171 /* ViewController.swift */; };
		52F2D7C61EE0DCD70002915A /* Sync.swift in Sources */ = {isa = PBXBuildFile; fileRef = 52F2D7C51EE0DCD70002915A /* Sync.swift */; };
		52F73AB01F2ECC490046E4AD /* tcc-swift3.db in Resources */ = {isa = PBXBuildFile; fileRef = 52F73AAF1F2ECC490046E4AD /* tcc-swift3.db */; };
		52F73AB21F2ECF4C0046E4AD /* Database.swift in Sources */ = {isa = PBXBuildFile; fileRef = 52F73AB11F2ECF4C0046E4AD /* Database.swift */; };
		52F759721EDBB08900F02B7E /* CompanyListViewController.swift in Sources */ = {isa = PBXBuildFile; fileRef = 52F759711EDBB08900F02B7E /* CompanyListViewController.swift */; };
		52FB18311EEF64A90005A867 /* UserTypeBean.swift in Sources */ = {isa = PBXBuildFile; fileRef = 52FB18301EEF64A90005A867 /* UserTypeBean.swift */; };
		52FB18331EEF64F10005A867 /* EventCategoryBean.swift in Sources */ = {isa = PBXBuildFile; fileRef = 52FB18321EEF64F10005A867 /* EventCategoryBean.swift */; };
		52FB18351EEF651C0005A867 /* InvitationTypeBean.swift in Sources */ = {isa = PBXBuildFile; fileRef = 52FB18341EEF651C0005A867 /* InvitationTypeBean.swift */; };
		52FB18371EEF68E30005A867 /* EventTypeBean.swift in Sources */ = {isa = PBXBuildFile; fileRef = 52FB18361EEF68E30005A867 /* EventTypeBean.swift */; };
		9A8164A01F323C7C00D87C60 /* StateDao.swift in Sources */ = {isa = PBXBuildFile; fileRef = 9A81649F1F323C7C00D87C60 /* StateDao.swift */; };
		9A8164A21F323CE200D87C60 /* CountryDao.swift in Sources */ = {isa = PBXBuildFile; fileRef = 9A8164A11F323CE200D87C60 /* CountryDao.swift */; };
		B93C5A37FF0403CAC80710B9 /* Pods_tcc_swift3.framework in Frameworks */ = {isa = PBXBuildFile; fileRef = 8FD21AC968FCC7AA9B9D238F /* Pods_tcc_swift3.framework */; };
/* End PBXBuildFile section */

/* Begin PBXFileReference section */
		1EDECDCED8854A0042E0CF8D /* Pods-tcc-swift3.release.xcconfig */ = {isa = PBXFileReference; includeInIndex = 1; lastKnownFileType = text.xcconfig; name = "Pods-tcc-swift3.release.xcconfig"; path = "Pods/Target Support Files/Pods-tcc-swift3/Pods-tcc-swift3.release.xcconfig"; sourceTree = "<group>"; };
		5202F3E01F3014E00003B031 /* CityDao.swift */ = {isa = PBXFileReference; fileEncoding = 4; lastKnownFileType = sourcecode.swift; path = CityDao.swift; sourceTree = "<group>"; };
		521477FB1EE4957400314D3E /* InvitationListViewController.swift */ = {isa = PBXFileReference; fileEncoding = 4; lastKnownFileType = sourcecode.swift; path = InvitationListViewController.swift; sourceTree = "<group>"; };
		5225F1EF1ED39BBD001AB13A /* CompanyFormViewController.swift */ = {isa = PBXFileReference; fileEncoding = 4; lastKnownFileType = sourcecode.swift; path = CompanyFormViewController.swift; sourceTree = "<group>"; };
		5225F2221ED3A067001AB13A /* Former.framework */ = {isa = PBXFileReference; lastKnownFileType = wrapper.framework; name = Former.framework; path = "../../../../Library/Developer/Xcode/DerivedData/tcc-swift3-akcbrosnscstzxbfogoiecwnunzz/Build/Products/Debug-iphonesimulator/Former/Former.framework"; sourceTree = "<group>"; };
		5225F2261ED3A33B001AB13A /* CenterLabelCell.swift */ = {isa = PBXFileReference; fileEncoding = 4; lastKnownFileType = sourcecode.swift; path = CenterLabelCell.swift; sourceTree = "<group>"; };
		5225F2271ED3A33B001AB13A /* ColorListCell.swift */ = {isa = PBXFileReference; fileEncoding = 4; lastKnownFileType = sourcecode.swift; path = ColorListCell.swift; sourceTree = "<group>"; };
		5225F2281ED3A33B001AB13A /* DynamicHeightCell.swift */ = {isa = PBXFileReference; fileEncoding = 4; lastKnownFileType = sourcecode.swift; path = DynamicHeightCell.swift; sourceTree = "<group>"; };
		5225F2291ED3A33B001AB13A /* ProfileFieldCell.swift */ = {isa = PBXFileReference; fileEncoding = 4; lastKnownFileType = sourcecode.swift; path = ProfileFieldCell.swift; sourceTree = "<group>"; };
		5225F22A1ED3A33B001AB13A /* ProfileImageCell.swift */ = {isa = PBXFileReference; fileEncoding = 4; lastKnownFileType = sourcecode.swift; path = ProfileImageCell.swift; sourceTree = "<group>"; };
		5225F22B1ED3A33B001AB13A /* ProfileLabelCell.swift */ = {isa = PBXFileReference; fileEncoding = 4; lastKnownFileType = sourcecode.swift; path = ProfileLabelCell.swift; sourceTree = "<group>"; };
		5225F2331ED3A36D001AB13A /* Login.swift */ = {isa = PBXFileReference; fileEncoding = 4; lastKnownFileType = sourcecode.swift; path = Login.swift; sourceTree = "<group>"; };
		5225F2341ED3A36D001AB13A /* Profile.swift */ = {isa = PBXFileReference; fileEncoding = 4; lastKnownFileType = sourcecode.swift; path = Profile.swift; sourceTree = "<group>"; };
		5225F2381ED3A433001AB13A /* String.swift */ = {isa = PBXFileReference; fileEncoding = 4; lastKnownFileType = sourcecode.swift; path = String.swift; sourceTree = "<group>"; };
		5225F2391ED3A433001AB13A /* UIColor.swift */ = {isa = PBXFileReference; fileEncoding = 4; lastKnownFileType = sourcecode.swift; path = UIColor.swift; sourceTree = "<group>"; };
		5225F23C1ED3A4CD001AB13A /* FormerInputAccessoryView.swift */ = {isa = PBXFileReference; fileEncoding = 4; lastKnownFileType = sourcecode.swift; path = FormerInputAccessoryView.swift; sourceTree = "<group>"; };
		5225F2411ED3AEF9001AB13A /* ColorListCell.xib */ = {isa = PBXFileReference; fileEncoding = 4; lastKnownFileType = file.xib; path = ColorListCell.xib; sourceTree = "<group>"; };
		5225F2421ED3AEF9001AB13A /* DynamicHeightCell.xib */ = {isa = PBXFileReference; fileEncoding = 4; lastKnownFileType = file.xib; path = DynamicHeightCell.xib; sourceTree = "<group>"; };
		5225F2431ED3AEF9001AB13A /* LoginViewController.storyboard */ = {isa = PBXFileReference; fileEncoding = 4; lastKnownFileType = file.storyboard; path = LoginViewController.storyboard; sourceTree = "<group>"; };
		5225F2441ED3AEF9001AB13A /* ProfileFieldCell.xib */ = {isa = PBXFileReference; fileEncoding = 4; lastKnownFileType = file.xib; path = ProfileFieldCell.xib; sourceTree = "<group>"; };
		5225F2451ED3AEF9001AB13A /* ProfileImageCell.xib */ = {isa = PBXFileReference; fileEncoding = 4; lastKnownFileType = file.xib; path = ProfileImageCell.xib; sourceTree = "<group>"; };
		5225F2461ED3AEF9001AB13A /* ProfileLabelCell.xib */ = {isa = PBXFileReference; fileEncoding = 4; lastKnownFileType = file.xib; path = ProfileLabelCell.xib; sourceTree = "<group>"; };
		522889E51ED0DB3D007BC49D /* MenuViewController.swift */ = {isa = PBXFileReference; fileEncoding = 4; lastKnownFileType = sourcecode.swift; path = MenuViewController.swift; sourceTree = "<group>"; };
		522889E71ED0DC84007BC49D /* DetailViewController.swift */ = {isa = PBXFileReference; fileEncoding = 4; lastKnownFileType = sourcecode.swift; path = DetailViewController.swift; sourceTree = "<group>"; };
		522889E81ED0DC84007BC49D /* MasterViewController.swift */ = {isa = PBXFileReference; fileEncoding = 4; lastKnownFileType = sourcecode.swift; path = MasterViewController.swift; sourceTree = "<group>"; };
		522889EE1ED0F34A007BC49D /* MenuViewCell.xib */ = {isa = PBXFileReference; fileEncoding = 4; lastKnownFileType = file.xib; name = MenuViewCell.xib; path = view/cell/MenuViewCell.xib; sourceTree = "<group>"; };
		522889F21ED0F62F007BC49D /* MenuViewCell.swift */ = {isa = PBXFileReference; fileEncoding = 4; lastKnownFileType = sourcecode.swift; path = MenuViewCell.swift; sourceTree = "<group>"; };
		524E333A1ED930070035D443 /* InviteFormViewController.swift */ = {isa = PBXFileReference; fileEncoding = 4; lastKnownFileType = sourcecode.swift; path = InviteFormViewController.swift; sourceTree = "<group>"; };
		529737431E47E84200C65464 /* Connection.swift */ = {isa = PBXFileReference; fileEncoding = 4; lastKnownFileType = sourcecode.swift; path = Connection.swift; sourceTree = "<group>"; };
		52B4D2061EDE3EF2009EB548 /* CompanyBean.swift */ = {isa = PBXFileReference; fileEncoding = 4; lastKnownFileType = sourcecode.swift; path = CompanyBean.swift; sourceTree = "<group>"; };
		52B4D2071EDE3EF2009EB548 /* EventBean.swift */ = {isa = PBXFileReference; fileEncoding = 4; lastKnownFileType = sourcecode.swift; path = EventBean.swift; sourceTree = "<group>"; };
		52B4D2081EDE3EF2009EB548 /* InvitationBean.swift */ = {isa = PBXFileReference; fileEncoding = 4; lastKnownFileType = sourcecode.swift; path = InvitationBean.swift; sourceTree = "<group>"; };
		52B4D2091EDE3EF2009EB548 /* UserBean.swift */ = {isa = PBXFileReference; fileEncoding = 4; lastKnownFileType = sourcecode.swift; path = UserBean.swift; sourceTree = "<group>"; };
		52B4D20A1EDE3EF2009EB548 /* UserCompanyTypeBean.swift */ = {isa = PBXFileReference; fileEncoding = 4; lastKnownFileType = sourcecode.swift; path = UserCompanyTypeBean.swift; sourceTree = "<group>"; };
		52B4D20C1EDE3EF2009EB548 /* City+CoreDataClass.swift */ = {isa = PBXFileReference; fileEncoding = 4; lastKnownFileType = sourcecode.swift; path = "City+CoreDataClass.swift"; sourceTree = "<group>"; };
		52B4D20D1EDE3EF2009EB548 /* City+CoreDataProperties.swift */ = {isa = PBXFileReference; fileEncoding = 4; lastKnownFileType = sourcecode.swift; path = "City+CoreDataProperties.swift"; sourceTree = "<group>"; };
		52B4D20E1EDE3EF2009EB548 /* Company+CoreDataClass.swift */ = {isa = PBXFileReference; fileEncoding = 4; lastKnownFileType = sourcecode.swift; path = "Company+CoreDataClass.swift"; sourceTree = "<group>"; };
		52B4D20F1EDE3EF2009EB548 /* Company+CoreDataProperties.swift */ = {isa = PBXFileReference; fileEncoding = 4; lastKnownFileType = sourcecode.swift; path = "Company+CoreDataProperties.swift"; sourceTree = "<group>"; };
		52B4D2101EDE3EF2009EB548 /* Country+CoreDataClass.swift */ = {isa = PBXFileReference; fileEncoding = 4; lastKnownFileType = sourcecode.swift; path = "Country+CoreDataClass.swift"; sourceTree = "<group>"; };
		52B4D2111EDE3EF2009EB548 /* Country+CoreDataProperties.swift */ = {isa = PBXFileReference; fileEncoding = 4; lastKnownFileType = sourcecode.swift; path = "Country+CoreDataProperties.swift"; sourceTree = "<group>"; };
		52B4D2121EDE3EF2009EB548 /* Event+CoreDataClass.swift */ = {isa = PBXFileReference; fileEncoding = 4; lastKnownFileType = sourcecode.swift; path = "Event+CoreDataClass.swift"; sourceTree = "<group>"; };
		52B4D2131EDE3EF2009EB548 /* Event+CoreDataProperties.swift */ = {isa = PBXFileReference; fileEncoding = 4; lastKnownFileType = sourcecode.swift; path = "Event+CoreDataProperties.swift"; sourceTree = "<group>"; };
		52B4D2141EDE3EF2009EB548 /* EventCategory+CoreDataClass.swift */ = {isa = PBXFileReference; fileEncoding = 4; lastKnownFileType = sourcecode.swift; path = "EventCategory+CoreDataClass.swift"; sourceTree = "<group>"; };
		52B4D2151EDE3EF2009EB548 /* EventCategory+CoreDataProperties.swift */ = {isa = PBXFileReference; fileEncoding = 4; lastKnownFileType = sourcecode.swift; path = "EventCategory+CoreDataProperties.swift"; sourceTree = "<group>"; };
		52B4D2161EDE3EF2009EB548 /* EventType+CoreDataClass.swift */ = {isa = PBXFileReference; fileEncoding = 4; lastKnownFileType = sourcecode.swift; path = "EventType+CoreDataClass.swift"; sourceTree = "<group>"; };
		52B4D2171EDE3EF2009EB548 /* EventType+CoreDataProperties.swift */ = {isa = PBXFileReference; fileEncoding = 4; lastKnownFileType = sourcecode.swift; path = "EventType+CoreDataProperties.swift"; sourceTree = "<group>"; };
		52B4D2181EDE3EF2009EB548 /* Invitation+CoreDataClass.swift */ = {isa = PBXFileReference; fileEncoding = 4; lastKnownFileType = sourcecode.swift; path = "Invitation+CoreDataClass.swift"; sourceTree = "<group>"; };
		52B4D2191EDE3EF2009EB548 /* Invitation+CoreDataProperties.swift */ = {isa = PBXFileReference; fileEncoding = 4; lastKnownFileType = sourcecode.swift; path = "Invitation+CoreDataProperties.swift"; sourceTree = "<group>"; };
		52B4D21A1EDE3EF2009EB548 /* InvitationType+CoreDataClass.swift */ = {isa = PBXFileReference; fileEncoding = 4; lastKnownFileType = sourcecode.swift; path = "InvitationType+CoreDataClass.swift"; sourceTree = "<group>"; };
		52B4D21B1EDE3EF2009EB548 /* InvitationType+CoreDataProperties.swift */ = {isa = PBXFileReference; fileEncoding = 4; lastKnownFileType = sourcecode.swift; path = "InvitationType+CoreDataProperties.swift"; sourceTree = "<group>"; };
		52B4D21C1EDE3EF2009EB548 /* State+CoreDataClass.swift */ = {isa = PBXFileReference; fileEncoding = 4; lastKnownFileType = sourcecode.swift; path = "State+CoreDataClass.swift"; sourceTree = "<group>"; };
		52B4D21D1EDE3EF2009EB548 /* State+CoreDataProperties.swift */ = {isa = PBXFileReference; fileEncoding = 4; lastKnownFileType = sourcecode.swift; path = "State+CoreDataProperties.swift"; sourceTree = "<group>"; };
		52B4D21E1EDE3EF2009EB548 /* User+CoreDataClass.swift */ = {isa = PBXFileReference; fileEncoding = 4; lastKnownFileType = sourcecode.swift; path = "User+CoreDataClass.swift"; sourceTree = "<group>"; };
		52B4D21F1EDE3EF2009EB548 /* User+CoreDataProperties.swift */ = {isa = PBXFileReference; fileEncoding = 4; lastKnownFileType = sourcecode.swift; path = "User+CoreDataProperties.swift"; sourceTree = "<group>"; };
		52B4D2201EDE3EF2009EB548 /* UserCompanyType+CoreDataClass.swift */ = {isa = PBXFileReference; fileEncoding = 4; lastKnownFileType = sourcecode.swift; path = "UserCompanyType+CoreDataClass.swift"; sourceTree = "<group>"; };
		52B4D2211EDE3EF2009EB548 /* UserCompanyType+CoreDataProperties.swift */ = {isa = PBXFileReference; fileEncoding = 4; lastKnownFileType = sourcecode.swift; path = "UserCompanyType+CoreDataProperties.swift"; sourceTree = "<group>"; };
		52B4D2221EDE3EF2009EB548 /* UserType+CoreDataClass.swift */ = {isa = PBXFileReference; fileEncoding = 4; lastKnownFileType = sourcecode.swift; path = "UserType+CoreDataClass.swift"; sourceTree = "<group>"; };
		52B4D2231EDE3EF2009EB548 /* UserType+CoreDataProperties.swift */ = {isa = PBXFileReference; fileEncoding = 4; lastKnownFileType = sourcecode.swift; path = "UserType+CoreDataProperties.swift"; sourceTree = "<group>"; };
		52BEAA461EEA1F5300305DF8 /* CityBean.swift */ = {isa = PBXFileReference; fileEncoding = 4; lastKnownFileType = sourcecode.swift; path = CityBean.swift; sourceTree = "<group>"; };
		52BEAA481EEA1F5F00305DF8 /* StateBean.swift */ = {isa = PBXFileReference; fileEncoding = 4; lastKnownFileType = sourcecode.swift; path = StateBean.swift; sourceTree = "<group>"; };
		52BEAA4A1EEA1F7100305DF8 /* CountryBean.swift */ = {isa = PBXFileReference; fileEncoding = 4; lastKnownFileType = sourcecode.swift; path = CountryBean.swift; sourceTree = "<group>"; };
		52C448931ED675A3008C54BB /* EventFormViewController.swift */ = {isa = PBXFileReference; fileEncoding = 4; lastKnownFileType = sourcecode.swift; path = EventFormViewController.swift; sourceTree = "<group>"; };
		52DB79E91E478DB400658171 /* tcc-swift3.app */ = {isa = PBXFileReference; explicitFileType = wrapper.application; includeInIndex = 0; path = "tcc-swift3.app"; sourceTree = BUILT_PRODUCTS_DIR; };
		52DB79EC1E478DB400658171 /* AppDelegate.swift */ = {isa = PBXFileReference; lastKnownFileType = sourcecode.swift; path = AppDelegate.swift; sourceTree = "<group>"; };
		52DB79EE1E478DB400658171 /* HomeViewController.swift */ = {isa = PBXFileReference; lastKnownFileType = sourcecode.swift; path = HomeViewController.swift; sourceTree = "<group>"; };
		52DB79F01E478DB400658171 /* SecondViewController.swift */ = {isa = PBXFileReference; lastKnownFileType = sourcecode.swift; path = SecondViewController.swift; sourceTree = "<group>"; };
		52DB79F31E478DB400658171 /* Base */ = {isa = PBXFileReference; lastKnownFileType = file.storyboard; name = Base; path = Base.lproj/Main.storyboard; sourceTree = "<group>"; };
		52DB79F51E478DB400658171 /* Assets.xcassets */ = {isa = PBXFileReference; lastKnownFileType = folder.assetcatalog; path = Assets.xcassets; sourceTree = "<group>"; };
		52DB79F81E478DB400658171 /* Base */ = {isa = PBXFileReference; lastKnownFileType = file.storyboard; name = Base; path = Base.lproj/LaunchScreen.storyboard; sourceTree = "<group>"; };
		52DB79FA1E478DB400658171 /* Info.plist */ = {isa = PBXFileReference; lastKnownFileType = text.plist.xml; path = Info.plist; sourceTree = "<group>"; };
		52DB7A011E4791F200658171 /* model_tcc_swift.xcdatamodel */ = {isa = PBXFileReference; lastKnownFileType = wrapper.xcdatamodel; path = model_tcc_swift.xcdatamodel; sourceTree = "<group>"; };
		52DB7A021E4791F200658171 /* ViewController.swift */ = {isa = PBXFileReference; fileEncoding = 4; lastKnownFileType = sourcecode.swift; path = ViewController.swift; sourceTree = "<group>"; };
		52DB7A091E4792BF00658171 /* tcc-swift3-Bridging-Header.h */ = {isa = PBXFileReference; lastKnownFileType = sourcecode.c.h; path = "tcc-swift3-Bridging-Header.h"; sourceTree = "<group>"; };
		52F2D7C51EE0DCD70002915A /* Sync.swift */ = {isa = PBXFileReference; fileEncoding = 4; lastKnownFileType = sourcecode.swift; path = Sync.swift; sourceTree = "<group>"; };
		52F73AAF1F2ECC490046E4AD /* tcc-swift3.db */ = {isa = PBXFileReference; fileEncoding = 4; lastKnownFileType = text; path = "tcc-swift3.db"; sourceTree = "<group>"; };
		52F73AB11F2ECF4C0046E4AD /* Database.swift */ = {isa = PBXFileReference; fileEncoding = 4; lastKnownFileType = sourcecode.swift; path = Database.swift; sourceTree = "<group>"; };
		52F759711EDBB08900F02B7E /* CompanyListViewController.swift */ = {isa = PBXFileReference; fileEncoding = 4; lastKnownFileType = sourcecode.swift; path = CompanyListViewController.swift; sourceTree = "<group>"; };
		52FB18301EEF64A90005A867 /* UserTypeBean.swift */ = {isa = PBXFileReference; fileEncoding = 4; lastKnownFileType = sourcecode.swift; path = UserTypeBean.swift; sourceTree = "<group>"; };
		52FB18321EEF64F10005A867 /* EventCategoryBean.swift */ = {isa = PBXFileReference; fileEncoding = 4; lastKnownFileType = sourcecode.swift; path = EventCategoryBean.swift; sourceTree = "<group>"; };
		52FB18341EEF651C0005A867 /* InvitationTypeBean.swift */ = {isa = PBXFileReference; fileEncoding = 4; lastKnownFileType = sourcecode.swift; path = InvitationTypeBean.swift; sourceTree = "<group>"; };
		52FB18361EEF68E30005A867 /* EventTypeBean.swift */ = {isa = PBXFileReference; fileEncoding = 4; lastKnownFileType = sourcecode.swift; path = EventTypeBean.swift; sourceTree = "<group>"; };
		8FD21AC968FCC7AA9B9D238F /* Pods_tcc_swift3.framework */ = {isa = PBXFileReference; explicitFileType = wrapper.framework; includeInIndex = 0; path = Pods_tcc_swift3.framework; sourceTree = BUILT_PRODUCTS_DIR; };
		9A81649F1F323C7C00D87C60 /* StateDao.swift */ = {isa = PBXFileReference; fileEncoding = 4; lastKnownFileType = sourcecode.swift; path = StateDao.swift; sourceTree = "<group>"; };
		9A8164A11F323CE200D87C60 /* CountryDao.swift */ = {isa = PBXFileReference; fileEncoding = 4; lastKnownFileType = sourcecode.swift; path = CountryDao.swift; sourceTree = "<group>"; };
		E3F4C58CCCFF8D35F4283AC2 /* Pods-tcc-swift3.debug.xcconfig */ = {isa = PBXFileReference; includeInIndex = 1; lastKnownFileType = text.xcconfig; name = "Pods-tcc-swift3.debug.xcconfig"; path = "Pods/Target Support Files/Pods-tcc-swift3/Pods-tcc-swift3.debug.xcconfig"; sourceTree = "<group>"; };
/* End PBXFileReference section */

/* Begin PBXFrameworksBuildPhase section */
		52DB79E61E478DB400658171 /* Frameworks */ = {
			isa = PBXFrameworksBuildPhase;
			buildActionMask = 2147483647;
			files = (
				5225F2231ED3A067001AB13A /* Former.framework in Frameworks */,
				B93C5A37FF0403CAC80710B9 /* Pods_tcc_swift3.framework in Frameworks */,
			);
			runOnlyForDeploymentPostprocessing = 0;
		};
/* End PBXFrameworksBuildPhase section */

/* Begin PBXGroup section */
		0040422E58185C5979527710 /* Frameworks */ = {
			isa = PBXGroup;
			children = (
				5225F2221ED3A067001AB13A /* Former.framework */,
				8FD21AC968FCC7AA9B9D238F /* Pods_tcc_swift3.framework */,
			);
			name = Frameworks;
			sourceTree = "<group>";
		};
		35170E232E5C8AA5222FBF94 /* Pods */ = {
			isa = PBXGroup;
			children = (
				E3F4C58CCCFF8D35F4283AC2 /* Pods-tcc-swift3.debug.xcconfig */,
				1EDECDCED8854A0042E0CF8D /* Pods-tcc-swift3.release.xcconfig */,
			);
			name = Pods;
			sourceTree = "<group>";
		};
		5202F3DF1F3014C50003B031 /* dao */ = {
			isa = PBXGroup;
			children = (
				5202F3E01F3014E00003B031 /* CityDao.swift */,
				9A81649F1F323C7C00D87C60 /* StateDao.swift */,
				9A8164A11F323CE200D87C60 /* CountryDao.swift */,
			);
			name = dao;
			sourceTree = "<group>";
		};
		5225F2241ED3A33B001AB13A /* form */ = {
			isa = PBXGroup;
			children = (
				5225F23C1ED3A4CD001AB13A /* FormerInputAccessoryView.swift */,
				5225F2321ED3A36D001AB13A /* Commons */,
				5225F2251ED3A33B001AB13A /* Cells */,
			);
			name = form;
			path = view/form;
			sourceTree = "<group>";
		};
		5225F2251ED3A33B001AB13A /* Cells */ = {
			isa = PBXGroup;
			children = (
				5225F2261ED3A33B001AB13A /* CenterLabelCell.swift */,
				5225F2271ED3A33B001AB13A /* ColorListCell.swift */,
				5225F2281ED3A33B001AB13A /* DynamicHeightCell.swift */,
				5225F2291ED3A33B001AB13A /* ProfileFieldCell.swift */,
				5225F22A1ED3A33B001AB13A /* ProfileImageCell.swift */,
				5225F22B1ED3A33B001AB13A /* ProfileLabelCell.swift */,
			);
			path = Cells;
			sourceTree = "<group>";
		};
		5225F2321ED3A36D001AB13A /* Commons */ = {
			isa = PBXGroup;
			children = (
				5225F2331ED3A36D001AB13A /* Login.swift */,
				5225F2341ED3A36D001AB13A /* Profile.swift */,
			);
			path = Commons;
			sourceTree = "<group>";
		};
		5225F2371ED3A433001AB13A /* helper */ = {
			isa = PBXGroup;
			children = (
				5225F2381ED3A433001AB13A /* String.swift */,
				5225F2391ED3A433001AB13A /* UIColor.swift */,
			);
			path = helper;
			sourceTree = "<group>";
		};
		5225F23F1ED3AEF9001AB13A /* form */ = {
			isa = PBXGroup;
			children = (
				5225F2401ED3AEF9001AB13A /* Resources */,
			);
			name = form;
			path = view/form;
			sourceTree = "<group>";
		};
		5225F2401ED3AEF9001AB13A /* Resources */ = {
			isa = PBXGroup;
			children = (
				5225F2411ED3AEF9001AB13A /* ColorListCell.xib */,
				5225F2421ED3AEF9001AB13A /* DynamicHeightCell.xib */,
				5225F2431ED3AEF9001AB13A /* LoginViewController.storyboard */,
				5225F2441ED3AEF9001AB13A /* ProfileFieldCell.xib */,
				5225F2451ED3AEF9001AB13A /* ProfileImageCell.xib */,
				5225F2461ED3AEF9001AB13A /* ProfileLabelCell.xib */,
			);
			path = Resources;
			sourceTree = "<group>";
		};
		522889EB1ED0F286007BC49D /* tcc-swift3 */ = {
			isa = PBXGroup;
			children = (
				52DB7A071E47926400658171 /* src */,
			);
			name = "tcc-swift3";
			sourceTree = "<group>";
		};
		522889EC1ED0F2A2007BC49D /* view */ = {
			isa = PBXGroup;
			children = (
				5225F23F1ED3AEF9001AB13A /* form */,
				522889ED1ED0F2B4007BC49D /* cell */,
			);
			name = view;
			sourceTree = "<group>";
		};
		522889ED1ED0F2B4007BC49D /* cell */ = {
			isa = PBXGroup;
			children = (
				522889EE1ED0F34A007BC49D /* MenuViewCell.xib */,
			);
			name = cell;
			sourceTree = "<group>";
		};
		522889F01ED0F3B5007BC49D /* view */ = {
			isa = PBXGroup;
			children = (
				5225F2241ED3A33B001AB13A /* form */,
				522889F11ED0F3BD007BC49D /* cell */,
			);
			name = view;
			sourceTree = "<group>";
		};
		522889F11ED0F3BD007BC49D /* cell */ = {
			isa = PBXGroup;
			children = (
				522889F21ED0F62F007BC49D /* MenuViewCell.swift */,
			);
			name = cell;
			sourceTree = "<group>";
		};
		529737421E47E7DE00C65464 /* controllers */ = {
			isa = PBXGroup;
			children = (
				522889F01ED0F3B5007BC49D /* view */,
				529737431E47E84200C65464 /* Connection.swift */,
				5225F1EF1ED39BBD001AB13A /* CompanyFormViewController.swift */,
				52C448931ED675A3008C54BB /* EventFormViewController.swift */,
				524E333A1ED930070035D443 /* InviteFormViewController.swift */,
				52F759711EDBB08900F02B7E /* CompanyListViewController.swift */,
				52F2D7C51EE0DCD70002915A /* Sync.swift */,
				521477FB1EE4957400314D3E /* InvitationListViewController.swift */,
			);
			path = controllers;
			sourceTree = "<group>";
		};
		52B4D2051EDE3EF2009EB548 /* bean */ = {
			isa = PBXGroup;
			children = (
				52B4D2061EDE3EF2009EB548 /* CompanyBean.swift */,
				52B4D2071EDE3EF2009EB548 /* EventBean.swift */,
				52B4D2081EDE3EF2009EB548 /* InvitationBean.swift */,
				52B4D2091EDE3EF2009EB548 /* UserBean.swift */,
				52B4D20A1EDE3EF2009EB548 /* UserCompanyTypeBean.swift */,
				52BEAA461EEA1F5300305DF8 /* CityBean.swift */,
				52BEAA481EEA1F5F00305DF8 /* StateBean.swift */,
				52BEAA4A1EEA1F7100305DF8 /* CountryBean.swift */,
				52FB18301EEF64A90005A867 /* UserTypeBean.swift */,
				52FB18321EEF64F10005A867 /* EventCategoryBean.swift */,
				52FB18341EEF651C0005A867 /* InvitationTypeBean.swift */,
				52FB18361EEF68E30005A867 /* EventTypeBean.swift */,
			);
			path = bean;
			sourceTree = "<group>";
		};
		52B4D20B1EDE3EF2009EB548 /* objects */ = {
			isa = PBXGroup;
			children = (
				52B4D20C1EDE3EF2009EB548 /* City+CoreDataClass.swift */,
				52B4D20D1EDE3EF2009EB548 /* City+CoreDataProperties.swift */,
				52B4D20E1EDE3EF2009EB548 /* Company+CoreDataClass.swift */,
				52B4D20F1EDE3EF2009EB548 /* Company+CoreDataProperties.swift */,
				52B4D2101EDE3EF2009EB548 /* Country+CoreDataClass.swift */,
				52B4D2111EDE3EF2009EB548 /* Country+CoreDataProperties.swift */,
				52B4D2121EDE3EF2009EB548 /* Event+CoreDataClass.swift */,
				52B4D2131EDE3EF2009EB548 /* Event+CoreDataProperties.swift */,
				52B4D2141EDE3EF2009EB548 /* EventCategory+CoreDataClass.swift */,
				52B4D2151EDE3EF2009EB548 /* EventCategory+CoreDataProperties.swift */,
				52B4D2161EDE3EF2009EB548 /* EventType+CoreDataClass.swift */,
				52B4D2171EDE3EF2009EB548 /* EventType+CoreDataProperties.swift */,
				52B4D2181EDE3EF2009EB548 /* Invitation+CoreDataClass.swift */,
				52B4D2191EDE3EF2009EB548 /* Invitation+CoreDataProperties.swift */,
				52B4D21A1EDE3EF2009EB548 /* InvitationType+CoreDataClass.swift */,
				52B4D21B1EDE3EF2009EB548 /* InvitationType+CoreDataProperties.swift */,
				52B4D21C1EDE3EF2009EB548 /* State+CoreDataClass.swift */,
				52B4D21D1EDE3EF2009EB548 /* State+CoreDataProperties.swift */,
				52B4D21E1EDE3EF2009EB548 /* User+CoreDataClass.swift */,
				52B4D21F1EDE3EF2009EB548 /* User+CoreDataProperties.swift */,
				52B4D2201EDE3EF2009EB548 /* UserCompanyType+CoreDataClass.swift */,
				52B4D2211EDE3EF2009EB548 /* UserCompanyType+CoreDataProperties.swift */,
				52B4D2221EDE3EF2009EB548 /* UserType+CoreDataClass.swift */,
				52B4D2231EDE3EF2009EB548 /* UserType+CoreDataProperties.swift */,
			);
			path = objects;
			sourceTree = "<group>";
		};
		52DB79E01E478DB400658171 = {
			isa = PBXGroup;
			children = (
				52DB79EB1E478DB400658171 /* tcc-swift3 */,
				52DB79EA1E478DB400658171 /* Products */,
				52DB7A091E4792BF00658171 /* tcc-swift3-Bridging-Header.h */,
				35170E232E5C8AA5222FBF94 /* Pods */,
				0040422E58185C5979527710 /* Frameworks */,
			);
			sourceTree = "<group>";
		};
		52DB79EA1E478DB400658171 /* Products */ = {
			isa = PBXGroup;
			children = (
				52DB79E91E478DB400658171 /* tcc-swift3.app */,
			);
			name = Products;
			sourceTree = "<group>";
		};
		52DB79EB1E478DB400658171 /* tcc-swift3 */ = {
			isa = PBXGroup;
			children = (
				522889EB1ED0F286007BC49D /* tcc-swift3 */,
				52DB7A001E4791F200658171 /* model_tcc_swift.xcdatamodeld */,
				52DB7A021E4791F200658171 /* ViewController.swift */,
				52DB79EC1E478DB400658171 /* AppDelegate.swift */,
				52F73AAF1F2ECC490046E4AD /* tcc-swift3.db */,
				52DB79EE1E478DB400658171 /* HomeViewController.swift */,
				52DB79F01E478DB400658171 /* SecondViewController.swift */,
				52DB79F21E478DB400658171 /* Main.storyboard */,
				52DB79F51E478DB400658171 /* Assets.xcassets */,
				52DB79F71E478DB400658171 /* LaunchScreen.storyboard */,
				52DB79FA1E478DB400658171 /* Info.plist */,
				522889E51ED0DB3D007BC49D /* MenuViewController.swift */,
				522889E71ED0DC84007BC49D /* DetailViewController.swift */,
				522889E81ED0DC84007BC49D /* MasterViewController.swift */,
				52F73AB11F2ECF4C0046E4AD /* Database.swift */,
			);
			path = "tcc-swift3";
			sourceTree = "<group>";
		};
		52DB7A071E47926400658171 /* src */ = {
			isa = PBXGroup;
			children = (
				5225F2371ED3A433001AB13A /* helper */,
				522889EC1ED0F2A2007BC49D /* view */,
				529737421E47E7DE00C65464 /* controllers */,
				52DB7A081E47926400658171 /* model */,
			);
			path = src;
			sourceTree = "<group>";
		};
		52DB7A081E47926400658171 /* model */ = {
			isa = PBXGroup;
			children = (
				5202F3DF1F3014C50003B031 /* dao */,
				52B4D2051EDE3EF2009EB548 /* bean */,
				52B4D20B1EDE3EF2009EB548 /* objects */,
			);
			path = model;
			sourceTree = "<group>";
		};
/* End PBXGroup section */

/* Begin PBXNativeTarget section */
		52DB79E81E478DB400658171 /* tcc-swift3 */ = {
			isa = PBXNativeTarget;
			buildConfigurationList = 52DB79FD1E478DB400658171 /* Build configuration list for PBXNativeTarget "tcc-swift3" */;
			buildPhases = (
				35557BF68C56A8CDC813F233 /* [CP] Check Pods Manifest.lock */,
				52DB79E51E478DB400658171 /* Sources */,
				52DB79E61E478DB400658171 /* Frameworks */,
				52DB79E71E478DB400658171 /* Resources */,
				F80F7974883C0A9D579C963E /* [CP] Embed Pods Frameworks */,
				D064C6F13B71BBFC7D698A58 /* [CP] Copy Pods Resources */,
				526F47E81E7B6D0F0044E320 /* ShellScript */,
			);
			buildRules = (
			);
			dependencies = (
			);
			name = "tcc-swift3";
			productName = "tcc-swift3";
			productReference = 52DB79E91E478DB400658171 /* tcc-swift3.app */;
			productType = "com.apple.product-type.application";
		};
/* End PBXNativeTarget section */

/* Begin PBXProject section */
		52DB79E11E478DB400658171 /* Project object */ = {
			isa = PBXProject;
			attributes = {
				LastSwiftUpdateCheck = 0820;
				LastUpgradeCheck = 0820;
				ORGANIZATIONNAME = DO;
				TargetAttributes = {
					52DB79E81E478DB400658171 = {
						CreatedOnToolsVersion = 8.2.1;
						DevelopmentTeam = UTPKF23WGR;
						LastSwiftMigration = 0820;
						ProvisioningStyle = Automatic;
					};
				};
			};
			buildConfigurationList = 52DB79E41E478DB400658171 /* Build configuration list for PBXProject "tcc-swift3" */;
			compatibilityVersion = "Xcode 3.2";
			developmentRegion = English;
			hasScannedForEncodings = 0;
			knownRegions = (
				en,
				Base,
			);
			mainGroup = 52DB79E01E478DB400658171;
			productRefGroup = 52DB79EA1E478DB400658171 /* Products */;
			projectDirPath = "";
			projectRoot = "";
			targets = (
				52DB79E81E478DB400658171 /* tcc-swift3 */,
			);
		};
/* End PBXProject section */

/* Begin PBXResourcesBuildPhase section */
		52DB79E71E478DB400658171 /* Resources */ = {
			isa = PBXResourcesBuildPhase;
			buildActionMask = 2147483647;
			files = (
				52DB79F91E478DB400658171 /* LaunchScreen.storyboard in Resources */,
				5225F2481ED3AEF9001AB13A /* DynamicHeightCell.xib in Resources */,
				522889EF1ED0F34A007BC49D /* MenuViewCell.xib in Resources */,
				52DB79F61E478DB400658171 /* Assets.xcassets in Resources */,
				5225F24A1ED3AEF9001AB13A /* ProfileFieldCell.xib in Resources */,
				5225F2491ED3AEF9001AB13A /* LoginViewController.storyboard in Resources */,
				52DB79F41E478DB400658171 /* Main.storyboard in Resources */,
				5225F24C1ED3AEF9001AB13A /* ProfileLabelCell.xib in Resources */,
				5225F2471ED3AEF9001AB13A /* ColorListCell.xib in Resources */,
				5225F24B1ED3AEF9001AB13A /* ProfileImageCell.xib in Resources */,
				52F73AB01F2ECC490046E4AD /* tcc-swift3.db in Resources */,
			);
			runOnlyForDeploymentPostprocessing = 0;
		};
/* End PBXResourcesBuildPhase section */

/* Begin PBXShellScriptBuildPhase section */
		35557BF68C56A8CDC813F233 /* [CP] Check Pods Manifest.lock */ = {
			isa = PBXShellScriptBuildPhase;
			buildActionMask = 2147483647;
			files = (
			);
			inputPaths = (
			);
			name = "[CP] Check Pods Manifest.lock";
			outputPaths = (
			);
			runOnlyForDeploymentPostprocessing = 0;
			shellPath = /bin/sh;
			shellScript = "diff \"${PODS_ROOT}/../Podfile.lock\" \"${PODS_ROOT}/Manifest.lock\" > /dev/null\nif [ $? != 0 ] ; then\n    # print error to STDERR\n    echo \"error: The sandbox is not in sync with the Podfile.lock. Run 'pod install' or update your CocoaPods installation.\" >&2\n    exit 1\nfi\n";
			showEnvVarsInLog = 0;
		};
		526F47E81E7B6D0F0044E320 /* ShellScript */ = {
			isa = PBXShellScriptBuildPhase;
			buildActionMask = 2147483647;
			files = (
			);
			inputPaths = (
			);
			outputPaths = (
			);
			runOnlyForDeploymentPostprocessing = 0;
			shellPath = /bin/sh;
			shellScript = "\"${PODS_ROOT}/Fabric/run\" 874df27d6b3940878ae3d34a2f8e9a0bd8515635 2efc36be87af42e68e159456b2a2d6bddda3d149d5d64a75119ec32e61d512c7";
		};
		D064C6F13B71BBFC7D698A58 /* [CP] Copy Pods Resources */ = {
			isa = PBXShellScriptBuildPhase;
			buildActionMask = 2147483647;
			files = (
			);
			inputPaths = (
			);
			name = "[CP] Copy Pods Resources";
			outputPaths = (
			);
			runOnlyForDeploymentPostprocessing = 0;
			shellPath = /bin/sh;
			shellScript = "\"${SRCROOT}/Pods/Target Support Files/Pods-tcc-swift3/Pods-tcc-swift3-resources.sh\"\n";
			showEnvVarsInLog = 0;
		};
		F80F7974883C0A9D579C963E /* [CP] Embed Pods Frameworks */ = {
			isa = PBXShellScriptBuildPhase;
			buildActionMask = 2147483647;
			files = (
			);
			inputPaths = (
			);
			name = "[CP] Embed Pods Frameworks";
			outputPaths = (
			);
			runOnlyForDeploymentPostprocessing = 0;
			shellPath = /bin/sh;
			shellScript = "\"${SRCROOT}/Pods/Target Support Files/Pods-tcc-swift3/Pods-tcc-swift3-frameworks.sh\"\n";
			showEnvVarsInLog = 0;
		};
/* End PBXShellScriptBuildPhase section */

/* Begin PBXSourcesBuildPhase section */
		52DB79E51E478DB400658171 /* Sources */ = {
			isa = PBXSourcesBuildPhase;
			buildActionMask = 2147483647;
			files = (
				5225F22D1ED3A33B001AB13A /* ColorListCell.swift in Sources */,
				9A8164A21F323CE200D87C60 /* CountryDao.swift in Sources */,
				5225F2361ED3A36D001AB13A /* Profile.swift in Sources */,
				52B4D2391EDE3EF2009EB548 /* State+CoreDataClass.swift in Sources */,
				9A8164A01F323C7C00D87C60 /* StateDao.swift in Sources */,
				52B4D23F1EDE3EF2009EB548 /* UserType+CoreDataClass.swift in Sources */,
				52B4D2281EDE3EF2009EB548 /* UserCompanyTypeBean.swift in Sources */,
				52DB7A041E4791F200658171 /* ViewController.swift in Sources */,
				52B4D23A1EDE3EF2009EB548 /* State+CoreDataProperties.swift in Sources */,
				52B4D2321EDE3EF2009EB548 /* EventCategory+CoreDataProperties.swift in Sources */,
				52B4D2311EDE3EF2009EB548 /* EventCategory+CoreDataClass.swift in Sources */,
				52FB18331EEF64F10005A867 /* EventCategoryBean.swift in Sources */,
				52B4D23C1EDE3EF2009EB548 /* User+CoreDataProperties.swift in Sources */,
				5225F2351ED3A36D001AB13A /* Login.swift in Sources */,
				5225F23D1ED3A4CD001AB13A /* FormerInputAccessoryView.swift in Sources */,
				52C448941ED675A3008C54BB /* EventFormViewController.swift in Sources */,
				522889E61ED0DB3D007BC49D /* MenuViewController.swift in Sources */,
				52B4D22E1EDE3EF2009EB548 /* Country+CoreDataProperties.swift in Sources */,
				5225F22E1ED3A33B001AB13A /* DynamicHeightCell.swift in Sources */,
				524E333B1ED930070035D443 /* InviteFormViewController.swift in Sources */,
				52DB79F11E478DB400658171 /* SecondViewController.swift in Sources */,
				52B4D2401EDE3EF2009EB548 /* UserType+CoreDataProperties.swift in Sources */,
				52B4D2361EDE3EF2009EB548 /* Invitation+CoreDataProperties.swift in Sources */,
				5202F3E11F3014E00003B031 /* CityDao.swift in Sources */,
				52B4D23E1EDE3EF2009EB548 /* UserCompanyType+CoreDataProperties.swift in Sources */,
				521477FC1EE4957400314D3E /* InvitationListViewController.swift in Sources */,
				52B4D2261EDE3EF2009EB548 /* InvitationBean.swift in Sources */,
				52B4D22A1EDE3EF2009EB548 /* City+CoreDataProperties.swift in Sources */,
				52F759721EDBB08900F02B7E /* CompanyListViewController.swift in Sources */,
				5225F1F01ED39BBD001AB13A /* CompanyFormViewController.swift in Sources */,
				52DB79ED1E478DB400658171 /* AppDelegate.swift in Sources */,
				52B4D2251EDE3EF2009EB548 /* EventBean.swift in Sources */,
				52B4D22F1EDE3EF2009EB548 /* Event+CoreDataClass.swift in Sources */,
				52B4D22D1EDE3EF2009EB548 /* Country+CoreDataClass.swift in Sources */,
				5225F22C1ED3A33B001AB13A /* CenterLabelCell.swift in Sources */,
				52B4D23B1EDE3EF2009EB548 /* User+CoreDataClass.swift in Sources */,
				52F73AB21F2ECF4C0046E4AD /* Database.swift in Sources */,
				52BEAA471EEA1F5300305DF8 /* CityBean.swift in Sources */,
				52B4D2351EDE3EF2009EB548 /* Invitation+CoreDataClass.swift in Sources */,
				52DB79EF1E478DB400658171 /* HomeViewController.swift in Sources */,
				522889E91ED0DC84007BC49D /* DetailViewController.swift in Sources */,
				52B4D2271EDE3EF2009EB548 /* UserBean.swift in Sources */,
				52B4D22C1EDE3EF2009EB548 /* Company+CoreDataProperties.swift in Sources */,
				52B4D22B1EDE3EF2009EB548 /* Company+CoreDataClass.swift in Sources */,
				52FB18311EEF64A90005A867 /* UserTypeBean.swift in Sources */,
				52B4D2331EDE3EF2009EB548 /* EventType+CoreDataClass.swift in Sources */,
				52B4D23D1EDE3EF2009EB548 /* UserCompanyType+CoreDataClass.swift in Sources */,
				5225F2311ED3A33B001AB13A /* ProfileLabelCell.swift in Sources */,
				52BEAA4B1EEA1F7100305DF8 /* CountryBean.swift in Sources */,
				5225F23B1ED3A433001AB13A /* UIColor.swift in Sources */,
				52B4D2371EDE3EF2009EB548 /* InvitationType+CoreDataClass.swift in Sources */,
				52B4D2341EDE3EF2009EB548 /* EventType+CoreDataProperties.swift in Sources */,
				52B4D2381EDE3EF2009EB548 /* InvitationType+CoreDataProperties.swift in Sources */,
				52F2D7C61EE0DCD70002915A /* Sync.swift in Sources */,
				5225F2301ED3A33B001AB13A /* ProfileImageCell.swift in Sources */,
				52B4D2301EDE3EF2009EB548 /* Event+CoreDataProperties.swift in Sources */,
				52B4D2291EDE3EF2009EB548 /* City+CoreDataClass.swift in Sources */,
				522889F31ED0F62F007BC49D /* MenuViewCell.swift in Sources */,
				529737441E47E84200C65464 /* Connection.swift in Sources */,
				5225F22F1ED3A33B001AB13A /* ProfileFieldCell.swift in Sources */,
				52FB18371EEF68E30005A867 /* EventTypeBean.swift in Sources */,
				522889EA1ED0DC84007BC49D /* MasterViewController.swift in Sources */,
				52FB18351EEF651C0005A867 /* InvitationTypeBean.swift in Sources */,
				52BEAA491EEA1F5F00305DF8 /* StateBean.swift in Sources */,
				5225F23A1ED3A433001AB13A /* String.swift in Sources */,
				52B4D2241EDE3EF2009EB548 /* CompanyBean.swift in Sources */,
			);
			runOnlyForDeploymentPostprocessing = 0;
		};
/* End PBXSourcesBuildPhase section */

/* Begin PBXVariantGroup section */
		52DB79F21E478DB400658171 /* Main.storyboard */ = {
			isa = PBXVariantGroup;
			children = (
				52DB79F31E478DB400658171 /* Base */,
			);
			name = Main.storyboard;
			sourceTree = "<group>";
		};
		52DB79F71E478DB400658171 /* LaunchScreen.storyboard */ = {
			isa = PBXVariantGroup;
			children = (
				52DB79F81E478DB400658171 /* Base */,
			);
			name = LaunchScreen.storyboard;
			sourceTree = "<group>";
		};
/* End PBXVariantGroup section */

/* Begin XCBuildConfiguration section */
		52DB79FB1E478DB400658171 /* Debug */ = {
			isa = XCBuildConfiguration;
			buildSettings = {
				ALWAYS_SEARCH_USER_PATHS = NO;
				CLANG_ANALYZER_NONNULL = YES;
				CLANG_CXX_LANGUAGE_STANDARD = "gnu++0x";
				CLANG_CXX_LIBRARY = "libc++";
				CLANG_ENABLE_MODULES = YES;
				CLANG_ENABLE_OBJC_ARC = YES;
				CLANG_WARN_BOOL_CONVERSION = YES;
				CLANG_WARN_CONSTANT_CONVERSION = YES;
				CLANG_WARN_DIRECT_OBJC_ISA_USAGE = YES_ERROR;
				CLANG_WARN_DOCUMENTATION_COMMENTS = YES;
				CLANG_WARN_EMPTY_BODY = YES;
				CLANG_WARN_ENUM_CONVERSION = YES;
				CLANG_WARN_INFINITE_RECURSION = YES;
				CLANG_WARN_INT_CONVERSION = YES;
				CLANG_WARN_OBJC_ROOT_CLASS = YES_ERROR;
				CLANG_WARN_SUSPICIOUS_MOVE = YES;
				CLANG_WARN_UNREACHABLE_CODE = YES;
				CLANG_WARN__DUPLICATE_METHOD_MATCH = YES;
				"CODE_SIGN_IDENTITY[sdk=iphoneos*]" = "iPhone Developer";
				COPY_PHASE_STRIP = NO;
				DEBUG_INFORMATION_FORMAT = dwarf;
				ENABLE_STRICT_OBJC_MSGSEND = YES;
				ENABLE_TESTABILITY = YES;
				GCC_C_LANGUAGE_STANDARD = gnu99;
				GCC_DYNAMIC_NO_PIC = NO;
				GCC_NO_COMMON_BLOCKS = YES;
				GCC_OPTIMIZATION_LEVEL = 0;
				GCC_PREPROCESSOR_DEFINITIONS = (
					"DEBUG=1",
					"$(inherited)",
				);
				GCC_WARN_64_TO_32_BIT_CONVERSION = YES;
				GCC_WARN_ABOUT_RETURN_TYPE = YES_ERROR;
				GCC_WARN_UNDECLARED_SELECTOR = YES;
				GCC_WARN_UNINITIALIZED_AUTOS = YES_AGGRESSIVE;
				GCC_WARN_UNUSED_FUNCTION = YES;
				GCC_WARN_UNUSED_VARIABLE = YES;
				IPHONEOS_DEPLOYMENT_TARGET = 10.2;
				MTL_ENABLE_DEBUG_INFO = YES;
				ONLY_ACTIVE_ARCH = YES;
				SDKROOT = iphoneos;
				SWIFT_ACTIVE_COMPILATION_CONDITIONS = DEBUG;
				SWIFT_OPTIMIZATION_LEVEL = "-Onone";
				TARGETED_DEVICE_FAMILY = "1,2";
			};
			name = Debug;
		};
		52DB79FC1E478DB400658171 /* Release */ = {
			isa = XCBuildConfiguration;
			buildSettings = {
				ALWAYS_SEARCH_USER_PATHS = NO;
				CLANG_ANALYZER_NONNULL = YES;
				CLANG_CXX_LANGUAGE_STANDARD = "gnu++0x";
				CLANG_CXX_LIBRARY = "libc++";
				CLANG_ENABLE_MODULES = YES;
				CLANG_ENABLE_OBJC_ARC = YES;
				CLANG_WARN_BOOL_CONVERSION = YES;
				CLANG_WARN_CONSTANT_CONVERSION = YES;
				CLANG_WARN_DIRECT_OBJC_ISA_USAGE = YES_ERROR;
				CLANG_WARN_DOCUMENTATION_COMMENTS = YES;
				CLANG_WARN_EMPTY_BODY = YES;
				CLANG_WARN_ENUM_CONVERSION = YES;
				CLANG_WARN_INFINITE_RECURSION = YES;
				CLANG_WARN_INT_CONVERSION = YES;
				CLANG_WARN_OBJC_ROOT_CLASS = YES_ERROR;
				CLANG_WARN_SUSPICIOUS_MOVE = YES;
				CLANG_WARN_UNREACHABLE_CODE = YES;
				CLANG_WARN__DUPLICATE_METHOD_MATCH = YES;
				"CODE_SIGN_IDENTITY[sdk=iphoneos*]" = "iPhone Developer";
				COPY_PHASE_STRIP = NO;
				DEBUG_INFORMATION_FORMAT = "dwarf-with-dsym";
				ENABLE_NS_ASSERTIONS = NO;
				ENABLE_STRICT_OBJC_MSGSEND = YES;
				GCC_C_LANGUAGE_STANDARD = gnu99;
				GCC_NO_COMMON_BLOCKS = YES;
				GCC_WARN_64_TO_32_BIT_CONVERSION = YES;
				GCC_WARN_ABOUT_RETURN_TYPE = YES_ERROR;
				GCC_WARN_UNDECLARED_SELECTOR = YES;
				GCC_WARN_UNINITIALIZED_AUTOS = YES_AGGRESSIVE;
				GCC_WARN_UNUSED_FUNCTION = YES;
				GCC_WARN_UNUSED_VARIABLE = YES;
				IPHONEOS_DEPLOYMENT_TARGET = 10.2;
				MTL_ENABLE_DEBUG_INFO = NO;
				SDKROOT = iphoneos;
				SWIFT_OPTIMIZATION_LEVEL = "-Owholemodule";
				TARGETED_DEVICE_FAMILY = "1,2";
				VALIDATE_PRODUCT = YES;
			};
			name = Release;
		};
		52DB79FE1E478DB400658171 /* Debug */ = {
			isa = XCBuildConfiguration;
			baseConfigurationReference = E3F4C58CCCFF8D35F4283AC2 /* Pods-tcc-swift3.debug.xcconfig */;
			buildSettings = {
				ASSETCATALOG_COMPILER_APPICON_NAME = AppIcon;
				CLANG_ENABLE_MODULES = YES;
				"CODE_SIGN_IDENTITY[sdk=iphoneos*]" = "iPhone Developer";
				DEVELOPMENT_TEAM = UTPKF23WGR;
				INFOPLIST_FILE = "tcc-swift3/Info.plist";
				IPHONEOS_DEPLOYMENT_TARGET = 10.0;
				LD_RUNPATH_SEARCH_PATHS = "$(inherited) @executable_path/Frameworks";
				PRODUCT_BUNDLE_IDENTIFIER = "ifsp.tcc-swift3";
				PRODUCT_NAME = "$(TARGET_NAME)";
				SWIFT_OBJC_BRIDGING_HEADER = "tcc-swift3-Bridging-Header.h";
				SWIFT_OPTIMIZATION_LEVEL = "-Onone";
				SWIFT_VERSION = 3.0;
			};
			name = Debug;
		};
		52DB79FF1E478DB400658171 /* Release */ = {
			isa = XCBuildConfiguration;
			baseConfigurationReference = 1EDECDCED8854A0042E0CF8D /* Pods-tcc-swift3.release.xcconfig */;
			buildSettings = {
				ASSETCATALOG_COMPILER_APPICON_NAME = AppIcon;
				CLANG_ENABLE_MODULES = YES;
				"CODE_SIGN_IDENTITY[sdk=iphoneos*]" = "iPhone Developer";
				DEVELOPMENT_TEAM = UTPKF23WGR;
				INFOPLIST_FILE = "tcc-swift3/Info.plist";
				IPHONEOS_DEPLOYMENT_TARGET = 10.0;
				LD_RUNPATH_SEARCH_PATHS = "$(inherited) @executable_path/Frameworks";
				PRODUCT_BUNDLE_IDENTIFIER = "ifsp.tcc-swift3";
				PRODUCT_NAME = "$(TARGET_NAME)";
				SWIFT_OBJC_BRIDGING_HEADER = "tcc-swift3-Bridging-Header.h";
				SWIFT_VERSION = 3.0;
			};
			name = Release;
		};
/* End XCBuildConfiguration section */

/* Begin XCConfigurationList section */
		52DB79E41E478DB400658171 /* Build configuration list for PBXProject "tcc-swift3" */ = {
			isa = XCConfigurationList;
			buildConfigurations = (
				52DB79FB1E478DB400658171 /* Debug */,
				52DB79FC1E478DB400658171 /* Release */,
			);
			defaultConfigurationIsVisible = 0;
			defaultConfigurationName = Release;
		};
		52DB79FD1E478DB400658171 /* Build configuration list for PBXNativeTarget "tcc-swift3" */ = {
			isa = XCConfigurationList;
			buildConfigurations = (
				52DB79FE1E478DB400658171 /* Debug */,
				52DB79FF1E478DB400658171 /* Release */,
			);
			defaultConfigurationIsVisible = 0;
			defaultConfigurationName = Release;
		};
/* End XCConfigurationList section */

/* Begin XCVersionGroup section */
		52DB7A001E4791F200658171 /* model_tcc_swift.xcdatamodeld */ = {
			isa = XCVersionGroup;
			children = (
				52DB7A011E4791F200658171 /* model_tcc_swift.xcdatamodel */,
			);
			currentVersion = 52DB7A011E4791F200658171 /* model_tcc_swift.xcdatamodel */;
			path = model_tcc_swift.xcdatamodeld;
			sourceTree = "<group>";
			versionGroupType = wrapper.xcdatamodel;
		};
/* End XCVersionGroup section */
	};
	rootObject = 52DB79E11E478DB400658171 /* Project object */;
}
